
Microsoft Visual Studio Solution File, Format Version 12.00
# Visual Studio 2015
Project("{FAE04EC0-301F-11D3-BF4B-00C04F79EFBC}") = "Rainbow6", "Rainbow6.csproj", "{173EC47A-3CEA-539F-2AC7-C1C6A94D78D1}"
EndProject
Global
	GlobalSection(SolutionConfigurationPlatforms) = preSolution
		Debug|Any CPU = Debug|Any CPU
		Release|Any CPU = Release|Any CPU
	EndGlobalSection
	GlobalSection(ProjectConfigurationPlatforms) = postSolution
		{173EC47A-3CEA-539F-2AC7-C1C6A94D78D1}.Debug|Any CPU.ActiveCfg = Debug|Any CPU
		{173EC47A-3CEA-539F-2AC7-C1C6A94D78D1}.Debug|Any CPU.Build.0 = Debug|Any CPU
		{173EC47A-3CEA-539F-2AC7-C1C6A94D78D1}.Release|Any CPU.ActiveCfg = Release|Any CPU
		{173EC47A-3CEA-539F-2AC7-C1C6A94D78D1}.Release|Any CPU.Build.0 = Release|Any CPU
	EndGlobalSection
	GlobalSection(SolutionProperties) = preSolution
		HideSolutionNode = FALSE
	EndGlobalSection
EndGlobal
